
Microsoft Visual Studio Solution File, Format Version 12.00
# Visual Studio Version 17
VisualStudioVersion = 17.9.34728.123
MinimumVisualStudioVersion = 10.0.40219.1
Project("{8BC9CEB8-8B4A-11D0-8D11-00A0C91BC942}") = "FinalProjekt", "FinalProjekt\FinalProjekt.vcxproj", "{80C20710-900B-49A9-B2D6-63D714D6887A}"
EndProject
Global
	GlobalSection(SolutionConfigurationPlatforms) = preSolution
		Debug|x64 = Debug|x64
		Debug|x86 = Debug|x86
		Release|x64 = Release|x64
		Release|x86 = Release|x86
	EndGlobalSection
	GlobalSection(ProjectConfigurationPlatforms) = postSolution
		{80C20710-900B-49A9-B2D6-63D714D6887A}.Debug|x64.ActiveCfg = Debug|x64
		{80C20710-900B-49A9-B2D6-63D714D6887A}.Debug|x64.Build.0 = Debug|x64
		{80C20710-900B-49A9-B2D6-63D714D6887A}.Debug|x86.ActiveCfg = Debug|Win32
		{80C20710-900B-49A9-B2D6-63D714D6887A}.Debug|x86.Build.0 = Debug|Win32
		{80C20710-900B-49A9-B2D6-63D714D6887A}.Release|x64.ActiveCfg = Release|x64
		{80C20710-900B-49A9-B2D6-63D714D6887A}.Release|x64.Build.0 = Release|x64
		{80C20710-900B-49A9-B2D6-63D714D6887A}.Release|x86.ActiveCfg = Release|Win32
		{80C20710-900B-49A9-B2D6-63D714D6887A}.Release|x86.Build.0 = Release|Win32
	EndGlobalSection
	GlobalSection(SolutionProperties) = preSolution
		HideSolutionNode = FALSE
	EndGlobalSection
	GlobalSection(ExtensibilityGlobals) = postSolution
		SolutionGuid = {4C69E05E-D2C0-4818-A131-5D14FB3253D1}
	EndGlobalSection
EndGlobal
